
Microsoft Visual Studio Solution File, Format Version 12.00
# Visual Studio 15
VisualStudioVersion = 15.0.25807.0
MinimumVisualStudioVersion = 10.0.40219.1
Project("{FAE04EC0-301F-11D3-BF4B-00C04F79EFBC}") = "TesteTuplas", "TesteTuplas\TesteTuplas.csproj", "{4E13A6A9-34FE-42E2-B95E-72E45B4F9E2D}"
EndProject
Project("{FAE04EC0-301F-11D3-BF4B-00C04F79EFBC}") = "TesteLocalFunctions", "TesteLocalFunctions\TesteLocalFunctions.csproj", "{77E0A3E7-91A8-4230-A2AC-D3EBC814A704}"
EndProject
Project("{FAE04EC0-301F-11D3-BF4B-00C04F79EFBC}") = "TesteRefReturns", "TesteRefReturns\TesteRefReturns.csproj", "{C2C030B7-09F1-4640-9AE0-5F24CFE88B4B}"
EndProject
Project("{FAE04EC0-301F-11D3-BF4B-00C04F79EFBC}") = "TesteBinaryLiterals", "TesteBinaryLiterals\TesteBinaryLiterals.csproj", "{7CDB59E2-3800-4C6D-AD10-B31A88B4A556}"
EndProject
Project("{FAE04EC0-301F-11D3-BF4B-00C04F79EFBC}") = "TesteDigitSeparators", "TesteDigitSeparators\TesteDigitSeparators.csproj", "{6E9D0C85-6008-4AE5-B97E-2728F4747C98}"
EndProject
Project("{FAE04EC0-301F-11D3-BF4B-00C04F79EFBC}") = "TestePatternMatching", "TestePatternMatching\TestePatternMatching.csproj", "{02D2FED9-7A6B-410C-A781-482117BCF09C}"
EndProject
Global
	GlobalSection(SolutionConfigurationPlatforms) = preSolution
		Debug|Any CPU = Debug|Any CPU
		Release|Any CPU = Release|Any CPU
	EndGlobalSection
	GlobalSection(ProjectConfigurationPlatforms) = postSolution
		{4E13A6A9-34FE-42E2-B95E-72E45B4F9E2D}.Debug|Any CPU.ActiveCfg = Debug|Any CPU
		{4E13A6A9-34FE-42E2-B95E-72E45B4F9E2D}.Debug|Any CPU.Build.0 = Debug|Any CPU
		{4E13A6A9-34FE-42E2-B95E-72E45B4F9E2D}.Release|Any CPU.ActiveCfg = Release|Any CPU
		{4E13A6A9-34FE-42E2-B95E-72E45B4F9E2D}.Release|Any CPU.Build.0 = Release|Any CPU
		{77E0A3E7-91A8-4230-A2AC-D3EBC814A704}.Debug|Any CPU.ActiveCfg = Debug|Any CPU
		{77E0A3E7-91A8-4230-A2AC-D3EBC814A704}.Debug|Any CPU.Build.0 = Debug|Any CPU
		{77E0A3E7-91A8-4230-A2AC-D3EBC814A704}.Release|Any CPU.ActiveCfg = Release|Any CPU
		{77E0A3E7-91A8-4230-A2AC-D3EBC814A704}.Release|Any CPU.Build.0 = Release|Any CPU
		{C2C030B7-09F1-4640-9AE0-5F24CFE88B4B}.Debug|Any CPU.ActiveCfg = Debug|Any CPU
		{C2C030B7-09F1-4640-9AE0-5F24CFE88B4B}.Debug|Any CPU.Build.0 = Debug|Any CPU
		{C2C030B7-09F1-4640-9AE0-5F24CFE88B4B}.Release|Any CPU.ActiveCfg = Release|Any CPU
		{C2C030B7-09F1-4640-9AE0-5F24CFE88B4B}.Release|Any CPU.Build.0 = Release|Any CPU
		{7CDB59E2-3800-4C6D-AD10-B31A88B4A556}.Debug|Any CPU.ActiveCfg = Debug|Any CPU
		{7CDB59E2-3800-4C6D-AD10-B31A88B4A556}.Debug|Any CPU.Build.0 = Debug|Any CPU
		{7CDB59E2-3800-4C6D-AD10-B31A88B4A556}.Release|Any CPU.ActiveCfg = Release|Any CPU
		{7CDB59E2-3800-4C6D-AD10-B31A88B4A556}.Release|Any CPU.Build.0 = Release|Any CPU
		{6E9D0C85-6008-4AE5-B97E-2728F4747C98}.Debug|Any CPU.ActiveCfg = Debug|Any CPU
		{6E9D0C85-6008-4AE5-B97E-2728F4747C98}.Debug|Any CPU.Build.0 = Debug|Any CPU
		{6E9D0C85-6008-4AE5-B97E-2728F4747C98}.Release|Any CPU.ActiveCfg = Release|Any CPU
		{6E9D0C85-6008-4AE5-B97E-2728F4747C98}.Release|Any CPU.Build.0 = Release|Any CPU
		{02D2FED9-7A6B-410C-A781-482117BCF09C}.Debug|Any CPU.ActiveCfg = Debug|Any CPU
		{02D2FED9-7A6B-410C-A781-482117BCF09C}.Debug|Any CPU.Build.0 = Debug|Any CPU
		{02D2FED9-7A6B-410C-A781-482117BCF09C}.Release|Any CPU.ActiveCfg = Release|Any CPU
		{02D2FED9-7A6B-410C-A781-482117BCF09C}.Release|Any CPU.Build.0 = Release|Any CPU
	EndGlobalSection
	GlobalSection(SolutionProperties) = preSolution
		HideSolutionNode = FALSE
	EndGlobalSection
EndGlobal
